{
  "name": "sequence_stat",
  "version": "1.0.0",
  "lockfileVersion": 2,
  "requires": true,
  "packages": {
    "": {
      "name": "sequence_stat",
      "version": "1.0.0",
      "license": "MIT",
      "dependencies": {
        "central-dogma": "^0.0.5"
      }
    },
    "node_modules/central-dogma": {
      "version": "0.0.5",
      "resolved": "https://registry.npmjs.org/central-dogma/-/central-dogma-0.0.5.tgz",
      "integrity": "sha512-xlhtTsMO+YWckMjfk71cuzoLB2/4vufXQwH+dT1M84TDQDKtYZleb6GYhn3yuT/b9RWP9i9GSSo2URqkA1KuMg=="
    }
  },
  "dependencies": {
    "central-dogma": {
      "version": "0.0.5",
      "resolved": "https://registry.npmjs.org/central-dogma/-/central-dogma-0.0.5.tgz",
      "integrity": "sha512-xlhtTsMO+YWckMjfk71cuzoLB2/4vufXQwH+dT1M84TDQDKtYZleb6GYhn3yuT/b9RWP9i9GSSo2URqkA1KuMg=="
    }
  }
}
